
Microsoft Visual Studio Solution File, Format Version 12.00
# Visual Studio Version 17
VisualStudioVersion = 17.11.35303.130
MinimumVisualStudioVersion = 10.0.40219.1
Project("{FAE04EC0-301F-11D3-BF4B-00C04F79EFBC}") = "FileEncryptor", "FileEncryptor\FileEncryptor.csproj", "{4EB3CF26-2E1A-4800-B9F7-7A5F30AF2A57}"
EndProject
Global
	GlobalSection(SolutionConfigurationPlatforms) = preSolution
		Debug|Any CPU = Debug|Any CPU
		Release|Any CPU = Release|Any CPU
	EndGlobalSection
	GlobalSection(ProjectConfigurationPlatforms) = postSolution
		{4EB3CF26-2E1A-4800-B9F7-7A5F30AF2A57}.Debug|Any CPU.ActiveCfg = Debug|Any CPU
		{4EB3CF26-2E1A-4800-B9F7-7A5F30AF2A57}.Debug|Any CPU.Build.0 = Debug|Any CPU
		{4EB3CF26-2E1A-4800-B9F7-7A5F30AF2A57}.Release|Any CPU.ActiveCfg = Release|Any CPU
		{4EB3CF26-2E1A-4800-B9F7-7A5F30AF2A57}.Release|Any CPU.Build.0 = Release|Any CPU
	EndGlobalSection
	GlobalSection(SolutionProperties) = preSolution
		HideSolutionNode = FALSE
	EndGlobalSection
	GlobalSection(ExtensibilityGlobals) = postSolution
		SolutionGuid = {A2284FF6-FD13-4877-860A-B2FD5344CF42}
	EndGlobalSection
EndGlobal
